
Microsoft Visual Studio Solution File, Format Version 12.00
# Visual Studio Version 17
VisualStudioVersion = 17.9.34728.123
MinimumVisualStudioVersion = 10.0.40219.1
Project("{9A19103F-16F7-4668-BE54-9A1E7A4F7556}") = "ComputelNalogaAPI", "ComputelNaloga\ComputelNalogaAPI.csproj", "{B4D087D3-BCA6-4819-AA69-E731ABBF7C30}"
EndProject
Project("{9A19103F-16F7-4668-BE54-9A1E7A4F7556}") = "ComputelNalogaFrontend", "ComputelNalogaFrontend\ComputelNalogaFrontend.csproj", "{59C22FFC-597A-47AC-864D-1086892A5C4C}"
EndProject
Global
	GlobalSection(SolutionConfigurationPlatforms) = preSolution
		Debug|Any CPU = Debug|Any CPU
		Release|Any CPU = Release|Any CPU
	EndGlobalSection
	GlobalSection(ProjectConfigurationPlatforms) = postSolution
		{B4D087D3-BCA6-4819-AA69-E731ABBF7C30}.Debug|Any CPU.ActiveCfg = Debug|Any CPU
		{B4D087D3-BCA6-4819-AA69-E731ABBF7C30}.Debug|Any CPU.Build.0 = Debug|Any CPU
		{B4D087D3-BCA6-4819-AA69-E731ABBF7C30}.Release|Any CPU.ActiveCfg = Release|Any CPU
		{B4D087D3-BCA6-4819-AA69-E731ABBF7C30}.Release|Any CPU.Build.0 = Release|Any CPU
		{59C22FFC-597A-47AC-864D-1086892A5C4C}.Debug|Any CPU.ActiveCfg = Debug|Any CPU
		{59C22FFC-597A-47AC-864D-1086892A5C4C}.Debug|Any CPU.Build.0 = Debug|Any CPU
		{59C22FFC-597A-47AC-864D-1086892A5C4C}.Release|Any CPU.ActiveCfg = Release|Any CPU
		{59C22FFC-597A-47AC-864D-1086892A5C4C}.Release|Any CPU.Build.0 = Release|Any CPU
	EndGlobalSection
	GlobalSection(SolutionProperties) = preSolution
		HideSolutionNode = FALSE
	EndGlobalSection
	GlobalSection(ExtensibilityGlobals) = postSolution
		SolutionGuid = {664AA86F-9700-4D13-8B48-FE8B73711605}
	EndGlobalSection
EndGlobal
